// !$*UTF8*$!
{
	archiveVersion = 1;
	classes = {
	};
	objectVersion = 56;
	objects = {

/* Begin PBXBuildFile section */
		179EE8A62986588A002D0F02 /* HomeSceneFactory.swift in Sources */ = {isa = PBXBuildFile; fileRef = 179EE8A52986588A002D0F02 /* HomeSceneFactory.swift */; };
		179EE8A929866005002D0F02 /* Network.swift in Sources */ = {isa = PBXBuildFile; fileRef = 179EE8A829866005002D0F02 /* Network.swift */; };
		BB7FC2FE2986592400C602F4 /* AremPresenter.swift in Sources */ = {isa = PBXBuildFile; fileRef = BB7FC2F72986592400C602F4 /* AremPresenter.swift */; };
		BB7FC2FF2986592400C602F4 /* AremWorker.swift in Sources */ = {isa = PBXBuildFile; fileRef = BB7FC2F82986592400C602F4 /* AremWorker.swift */; };
		BB7FC3002986592400C602F4 /* AremRouter.swift in Sources */ = {isa = PBXBuildFile; fileRef = BB7FC2F92986592400C602F4 /* AremRouter.swift */; };
		BB7FC3022986592400C602F4 /* AremViewController.swift in Sources */ = {isa = PBXBuildFile; fileRef = BB7FC2FB2986592400C602F4 /* AremViewController.swift */; };
		BB7FC3032986592400C602F4 /* AremInteractor.swift in Sources */ = {isa = PBXBuildFile; fileRef = BB7FC2FC2986592400C602F4 /* AremInteractor.swift */; };
		BB7FC3042986592400C602F4 /* AremConfigurator.swift in Sources */ = {isa = PBXBuildFile; fileRef = BB7FC2FD2986592400C602F4 /* AremConfigurator.swift */; };
		BB7FC30629865A1D00C602F4 /* First.storyboard in Resources */ = {isa = PBXBuildFile; fileRef = BB7FC30529865A1D00C602F4 /* First.storyboard */; };
		BB7FC30829865F3800C602F4 /* data.json in Resources */ = {isa = PBXBuildFile; fileRef = BB7FC30729865F3800C602F4 /* data.json */; };
		BB7FC30A29865F7600C602F4 /* AremModel.swift in Sources */ = {isa = PBXBuildFile; fileRef = BB7FC30929865F7600C602F4 /* AremModel.swift */; };
		BBA9507D2986541400CFA1DC /* AppDelegate.swift in Sources */ = {isa = PBXBuildFile; fileRef = BBA9507C2986541400CFA1DC /* AppDelegate.swift */; };
		BBA9507F2986541400CFA1DC /* SceneDelegate.swift in Sources */ = {isa = PBXBuildFile; fileRef = BBA9507E2986541400CFA1DC /* SceneDelegate.swift */; };
		BBA950812986541400CFA1DC /* ViewController.swift in Sources */ = {isa = PBXBuildFile; fileRef = BBA950802986541400CFA1DC /* ViewController.swift */; };
		BBA950842986541400CFA1DC /* Main.storyboard in Resources */ = {isa = PBXBuildFile; fileRef = BBA950822986541400CFA1DC /* Main.storyboard */; };
		BBA950862986541500CFA1DC /* Assets.xcassets in Resources */ = {isa = PBXBuildFile; fileRef = BBA950852986541500CFA1DC /* Assets.xcassets */; };
		BBA950892986541500CFA1DC /* LaunchScreen.storyboard in Resources */ = {isa = PBXBuildFile; fileRef = BBA950872986541500CFA1DC /* LaunchScreen.storyboard */; };
		BBBF87D92987AD7D006593C2 /* MainSceneFactory.swift in Sources */ = {isa = PBXBuildFile; fileRef = BBBF87D82987AD7D006593C2 /* MainSceneFactory.swift */; };
		BBBF87DB2987AD8F006593C2 /* SceneFactory.swift in Sources */ = {isa = PBXBuildFile; fileRef = BBBF87DA2987AD8F006593C2 /* SceneFactory.swift */; };
		BBBF87E62987B311006593C2 /* DetailPresenter.swift in Sources */ = {isa = PBXBuildFile; fileRef = BBBF87DF2987B311006593C2 /* DetailPresenter.swift */; };
		BBBF87E72987B311006593C2 /* DetailWorker.swift in Sources */ = {isa = PBXBuildFile; fileRef = BBBF87E02987B311006593C2 /* DetailWorker.swift */; };
		BBBF87E82987B311006593C2 /* DetailRouter.swift in Sources */ = {isa = PBXBuildFile; fileRef = BBBF87E12987B311006593C2 /* DetailRouter.swift */; };
		BBBF87E92987B311006593C2 /* DetailModels.swift in Sources */ = {isa = PBXBuildFile; fileRef = BBBF87E22987B311006593C2 /* DetailModels.swift */; };
		BBBF87EA2987B311006593C2 /* DetailViewController.swift in Sources */ = {isa = PBXBuildFile; fileRef = BBBF87E32987B311006593C2 /* DetailViewController.swift */; };
		BBBF87EB2987B311006593C2 /* DetailInteractor.swift in Sources */ = {isa = PBXBuildFile; fileRef = BBBF87E42987B311006593C2 /* DetailInteractor.swift */; };
		BBBF87EC2987B311006593C2 /* DetailConfigurator.swift in Sources */ = {isa = PBXBuildFile; fileRef = BBBF87E52987B311006593C2 /* DetailConfigurator.swift */; };
		BBBF87EE2987B40D006593C2 /* Detail.storyboard in Resources */ = {isa = PBXBuildFile; fileRef = BBBF87ED2987B40D006593C2 /* Detail.storyboard */; };
/* End PBXBuildFile section */

/* Begin PBXFileReference section */
		179EE8A52986588A002D0F02 /* HomeSceneFactory.swift */ = {isa = PBXFileReference; lastKnownFileType = sourcecode.swift; path = HomeSceneFactory.swift; sourceTree = "<group>"; };
		179EE8A829866005002D0F02 /* Network.swift */ = {isa = PBXFileReference; lastKnownFileType = sourcecode.swift; path = Network.swift; sourceTree = "<group>"; };
		BB7FC2F72986592400C602F4 /* AremPresenter.swift */ = {isa = PBXFileReference; lastKnownFileType = sourcecode.swift; path = AremPresenter.swift; sourceTree = "<group>"; };
		BB7FC2F82986592400C602F4 /* AremWorker.swift */ = {isa = PBXFileReference; lastKnownFileType = sourcecode.swift; path = AremWorker.swift; sourceTree = "<group>"; };
		BB7FC2F92986592400C602F4 /* AremRouter.swift */ = {isa = PBXFileReference; lastKnownFileType = sourcecode.swift; path = AremRouter.swift; sourceTree = "<group>"; };
		BB7FC2FB2986592400C602F4 /* AremViewController.swift */ = {isa = PBXFileReference; lastKnownFileType = sourcecode.swift; path = AremViewController.swift; sourceTree = "<group>"; };
		BB7FC2FC2986592400C602F4 /* AremInteractor.swift */ = {isa = PBXFileReference; lastKnownFileType = sourcecode.swift; path = AremInteractor.swift; sourceTree = "<group>"; };
		BB7FC2FD2986592400C602F4 /* AremConfigurator.swift */ = {isa = PBXFileReference; lastKnownFileType = sourcecode.swift; path = AremConfigurator.swift; sourceTree = "<group>"; };
		BB7FC30529865A1D00C602F4 /* First.storyboard */ = {isa = PBXFileReference; lastKnownFileType = file.storyboard; path = First.storyboard; sourceTree = "<group>"; };
		BB7FC30729865F3800C602F4 /* data.json */ = {isa = PBXFileReference; lastKnownFileType = text.json; path = data.json; sourceTree = "<group>"; };
		BB7FC30929865F7600C602F4 /* AremModel.swift */ = {isa = PBXFileReference; lastKnownFileType = sourcecode.swift; path = AremModel.swift; sourceTree = "<group>"; };
		BBA950792986541400CFA1DC /* VIPLearning.app */ = {isa = PBXFileReference; explicitFileType = wrapper.application; includeInIndex = 0; path = VIPLearning.app; sourceTree = BUILT_PRODUCTS_DIR; };
		BBA9507C2986541400CFA1DC /* AppDelegate.swift */ = {isa = PBXFileReference; lastKnownFileType = sourcecode.swift; path = AppDelegate.swift; sourceTree = "<group>"; };
		BBA9507E2986541400CFA1DC /* SceneDelegate.swift */ = {isa = PBXFileReference; lastKnownFileType = sourcecode.swift; path = SceneDelegate.swift; sourceTree = "<group>"; };
		BBA950802986541400CFA1DC /* ViewController.swift */ = {isa = PBXFileReference; lastKnownFileType = sourcecode.swift; path = ViewController.swift; sourceTree = "<group>"; };
		BBA950832986541400CFA1DC /* Base */ = {isa = PBXFileReference; lastKnownFileType = file.storyboard; name = Base; path = Base.lproj/Main.storyboard; sourceTree = "<group>"; };
		BBA950852986541500CFA1DC /* Assets.xcassets */ = {isa = PBXFileReference; lastKnownFileType = folder.assetcatalog; path = Assets.xcassets; sourceTree = "<group>"; };
		BBA950882986541500CFA1DC /* Base */ = {isa = PBXFileReference; lastKnownFileType = file.storyboard; name = Base; path = Base.lproj/LaunchScreen.storyboard; sourceTree = "<group>"; };
		BBA9508A2986541500CFA1DC /* Info.plist */ = {isa = PBXFileReference; lastKnownFileType = text.plist.xml; path = Info.plist; sourceTree = "<group>"; };
		BBBF87D82987AD7D006593C2 /* MainSceneFactory.swift */ = {isa = PBXFileReference; lastKnownFileType = sourcecode.swift; path = MainSceneFactory.swift; sourceTree = "<group>"; };
		BBBF87DA2987AD8F006593C2 /* SceneFactory.swift */ = {isa = PBXFileReference; lastKnownFileType = sourcecode.swift; path = SceneFactory.swift; sourceTree = "<group>"; };
		BBBF87DF2987B311006593C2 /* DetailPresenter.swift */ = {isa = PBXFileReference; lastKnownFileType = sourcecode.swift; path = DetailPresenter.swift; sourceTree = "<group>"; };
		BBBF87E02987B311006593C2 /* DetailWorker.swift */ = {isa = PBXFileReference; lastKnownFileType = sourcecode.swift; path = DetailWorker.swift; sourceTree = "<group>"; };
		BBBF87E12987B311006593C2 /* DetailRouter.swift */ = {isa = PBXFileReference; lastKnownFileType = sourcecode.swift; path = DetailRouter.swift; sourceTree = "<group>"; };
		BBBF87E22987B311006593C2 /* DetailModels.swift */ = {isa = PBXFileReference; lastKnownFileType = sourcecode.swift; path = DetailModels.swift; sourceTree = "<group>"; };
		BBBF87E32987B311006593C2 /* DetailViewController.swift */ = {isa = PBXFileReference; lastKnownFileType = sourcecode.swift; path = DetailViewController.swift; sourceTree = "<group>"; };
		BBBF87E42987B311006593C2 /* DetailInteractor.swift */ = {isa = PBXFileReference; lastKnownFileType = sourcecode.swift; path = DetailInteractor.swift; sourceTree = "<group>"; };
		BBBF87E52987B311006593C2 /* DetailConfigurator.swift */ = {isa = PBXFileReference; lastKnownFileType = sourcecode.swift; path = DetailConfigurator.swift; sourceTree = "<group>"; };
		BBBF87ED2987B40D006593C2 /* Detail.storyboard */ = {isa = PBXFileReference; lastKnownFileType = file.storyboard; path = Detail.storyboard; sourceTree = "<group>"; };
/* End PBXFileReference section */

/* Begin PBXFrameworksBuildPhase section */
		BBA950762986541400CFA1DC /* Frameworks */ = {
			isa = PBXFrameworksBuildPhase;
			buildActionMask = 2147483647;
			files = (
			);
			runOnlyForDeploymentPostprocessing = 0;
		};
/* End PBXFrameworksBuildPhase section */

/* Begin PBXGroup section */
		BB7FC2F6298658F800C602F4 /* AremViewController */ = {
			isa = PBXGroup;
			children = (
				BB7FC30929865F7600C602F4 /* AremModel.swift */,
				BB7FC2FD2986592400C602F4 /* AremConfigurator.swift */,
				BB7FC2FB2986592400C602F4 /* AremViewController.swift */,
				BB7FC30529865A1D00C602F4 /* First.storyboard */,
				BB7FC2FC2986592400C602F4 /* AremInteractor.swift */,
				BB7FC2F72986592400C602F4 /* AremPresenter.swift */,
				BB7FC2F82986592400C602F4 /* AremWorker.swift */,
				BB7FC2F92986592400C602F4 /* AremRouter.swift */,
			);
			path = AremViewController;
			sourceTree = "<group>";
		};
		BBA950702986541400CFA1DC = {
			isa = PBXGroup;
			children = (
				BBA9507B2986541400CFA1DC /* VIPLearning */,
				BBA9507A2986541400CFA1DC /* Products */,
			);
			sourceTree = "<group>";
		};
		BBA9507A2986541400CFA1DC /* Products */ = {
			isa = PBXGroup;
			children = (
				BBA950792986541400CFA1DC /* VIPLearning.app */,
			);
			name = Products;
			sourceTree = "<group>";
		};
		BBA9507B2986541400CFA1DC /* VIPLearning */ = {
			isa = PBXGroup;
			children = (
				BBBF87D72987AD6B006593C2 /* MainSceneFactory */,
				BBBF87DC2987ADAD006593C2 /* HomeScene */,
				BBA9507C2986541400CFA1DC /* AppDelegate.swift */,
				BBA9507E2986541400CFA1DC /* SceneDelegate.swift */,
				BBA950802986541400CFA1DC /* ViewController.swift */,
				BBA950822986541400CFA1DC /* Main.storyboard */,
				BBA950852986541500CFA1DC /* Assets.xcassets */,
				BBA950872986541500CFA1DC /* LaunchScreen.storyboard */,
				BBA9508A2986541500CFA1DC /* Info.plist */,
				179EE8A829866005002D0F02 /* Network.swift */,
				BB7FC30729865F3800C602F4 /* data.json */,
			);
			path = VIPLearning;
			sourceTree = "<group>";
		};
		BBBF87D72987AD6B006593C2 /* MainSceneFactory */ = {
			isa = PBXGroup;
			children = (
				BBBF87DA2987AD8F006593C2 /* SceneFactory.swift */,
				BBBF87D82987AD7D006593C2 /* MainSceneFactory.swift */,
			);
			path = MainSceneFactory;
			sourceTree = "<group>";
		};
		BBBF87DC2987ADAD006593C2 /* HomeScene */ = {
			isa = PBXGroup;
			children = (
				BBBF87DD2987ADB7006593C2 /* SceneFactory */,
				BB7FC2F6298658F800C602F4 /* AremViewController */,
				BBBF87DE2987B2E6006593C2 /* DetailViewController */,
			);
			path = HomeScene;
			sourceTree = "<group>";
		};
		BBBF87DD2987ADB7006593C2 /* SceneFactory */ = {
			isa = PBXGroup;
			children = (
				179EE8A52986588A002D0F02 /* HomeSceneFactory.swift */,
			);
			path = SceneFactory;
			sourceTree = "<group>";
		};
		BBBF87DE2987B2E6006593C2 /* DetailViewController */ = {
			isa = PBXGroup;
			children = (
				BBBF87E22987B311006593C2 /* DetailModels.swift */,
				BBBF87E52987B311006593C2 /* DetailConfigurator.swift */,
				BBBF87E32987B311006593C2 /* DetailViewController.swift */,
				BBBF87ED2987B40D006593C2 /* Detail.storyboard */,
				BBBF87E42987B311006593C2 /* DetailInteractor.swift */,
				BBBF87DF2987B311006593C2 /* DetailPresenter.swift */,
				BBBF87E02987B311006593C2 /* DetailWorker.swift */,
				BBBF87E12987B311006593C2 /* DetailRouter.swift */,
			);
			path = DetailViewController;
			sourceTree = "<group>";
		};
/* End PBXGroup section */

/* Begin PBXNativeTarget section */
		BBA950782986541400CFA1DC /* VIPLearning */ = {
			isa = PBXNativeTarget;
			buildConfigurationList = BBA9508D2986541500CFA1DC /* Build configuration list for PBXNativeTarget "VIPLearning" */;
			buildPhases = (
				BBA950752986541400CFA1DC /* Sources */,
				BBA950762986541400CFA1DC /* Frameworks */,
				BBA950772986541400CFA1DC /* Resources */,
			);
			buildRules = (
			);
			dependencies = (
			);
			name = VIPLearning;
			productName = VIPLearning;
			productReference = BBA950792986541400CFA1DC /* VIPLearning.app */;
			productType = "com.apple.product-type.application";
		};
/* End PBXNativeTarget section */

/* Begin PBXProject section */
		BBA950712986541400CFA1DC /* Project object */ = {
			isa = PBXProject;
			attributes = {
				BuildIndependentTargetsInParallel = 1;
				LastSwiftUpdateCheck = 1420;
				LastUpgradeCheck = 1420;
				TargetAttributes = {
					BBA950782986541400CFA1DC = {
						CreatedOnToolsVersion = 14.2;
					};
				};
			};
			buildConfigurationList = BBA950742986541400CFA1DC /* Build configuration list for PBXProject "VIPLearning" */;
			compatibilityVersion = "Xcode 14.0";
			developmentRegion = en;
			hasScannedForEncodings = 0;
			knownRegions = (
				en,
				Base,
			);
			mainGroup = BBA950702986541400CFA1DC;
			productRefGroup = BBA9507A2986541400CFA1DC /* Products */;
			projectDirPath = "";
			projectRoot = "";
			targets = (
				BBA950782986541400CFA1DC /* VIPLearning */,
			);
		};
/* End PBXProject section */

/* Begin PBXResourcesBuildPhase section */
		BBA950772986541400CFA1DC /* Resources */ = {
			isa = PBXResourcesBuildPhase;
			buildActionMask = 2147483647;
			files = (
				BBA950892986541500CFA1DC /* LaunchScreen.storyboard in Resources */,
				BBA950862986541500CFA1DC /* Assets.xcassets in Resources */,
				BBA950842986541400CFA1DC /* Main.storyboard in Resources */,
				BB7FC30829865F3800C602F4 /* data.json in Resources */,
				BBBF87EE2987B40D006593C2 /* Detail.storyboard in Resources */,
				BB7FC30629865A1D00C602F4 /* First.storyboard in Resources */,
			);
			runOnlyForDeploymentPostprocessing = 0;
		};
/* End PBXResourcesBuildPhase section */

/* Begin PBXSourcesBuildPhase section */
		BBA950752986541400CFA1DC /* Sources */ = {
			isa = PBXSourcesBuildPhase;
			buildActionMask = 2147483647;
			files = (
				179EE8A62986588A002D0F02 /* HomeSceneFactory.swift in Sources */,
				179EE8A929866005002D0F02 /* Network.swift in Sources */,
				BB7FC30A29865F7600C602F4 /* AremModel.swift in Sources */,
				BB7FC3042986592400C602F4 /* AremConfigurator.swift in Sources */,
				BBA950812986541400CFA1DC /* ViewController.swift in Sources */,
				BBA9507D2986541400CFA1DC /* AppDelegate.swift in Sources */,
				BB7FC2FF2986592400C602F4 /* AremWorker.swift in Sources */,
				BB7FC3002986592400C602F4 /* AremRouter.swift in Sources */,
				BBBF87E62987B311006593C2 /* DetailPresenter.swift in Sources */,
				BBBF87D92987AD7D006593C2 /* MainSceneFactory.swift in Sources */,
				BBBF87EA2987B311006593C2 /* DetailViewController.swift in Sources */,
				BBBF87EB2987B311006593C2 /* DetailInteractor.swift in Sources */,
				BBBF87E72987B311006593C2 /* DetailWorker.swift in Sources */,
				BBBF87DB2987AD8F006593C2 /* SceneFactory.swift in Sources */,
				BBA9507F2986541400CFA1DC /* SceneDelegate.swift in Sources */,
				BB7FC3032986592400C602F4 /* AremInteractor.swift in Sources */,
				BBBF87EC2987B311006593C2 /* DetailConfigurator.swift in Sources */,
				BBBF87E92987B311006593C2 /* DetailModels.swift in Sources */,
				BBBF87E82987B311006593C2 /* DetailRouter.swift in Sources */,
				BB7FC2FE2986592400C602F4 /* AremPresenter.swift in Sources */,
				BB7FC3022986592400C602F4 /* AremViewController.swift in Sources */,
			);
			runOnlyForDeploymentPostprocessing = 0;
		};
/* End PBXSourcesBuildPhase section */

/* Begin PBXVariantGroup section */
		BBA950822986541400CFA1DC /* Main.storyboard */ = {
			isa = PBXVariantGroup;
			children = (
				BBA950832986541400CFA1DC /* Base */,
			);
			name = Main.storyboard;
			sourceTree = "<group>";
		};
		BBA950872986541500CFA1DC /* LaunchScreen.storyboard */ = {
			isa = PBXVariantGroup;
			children = (
				BBA950882986541500CFA1DC /* Base */,
			);
			name = LaunchScreen.storyboard;
			sourceTree = "<group>";
		};
/* End PBXVariantGroup section */

/* Begin XCBuildConfiguration section */
		BBA9508B2986541500CFA1DC /* Debug */ = {
			isa = XCBuildConfiguration;
			buildSettings = {
				ALWAYS_SEARCH_USER_PATHS = NO;
				CLANG_ANALYZER_NONNULL = YES;
				CLANG_ANALYZER_NUMBER_OBJECT_CONVERSION = YES_AGGRESSIVE;
				CLANG_CXX_LANGUAGE_STANDARD = "gnu++20";
				CLANG_ENABLE_MODULES = YES;
				CLANG_ENABLE_OBJC_ARC = YES;
				CLANG_ENABLE_OBJC_WEAK = YES;
				CLANG_WARN_BLOCK_CAPTURE_AUTORELEASING = YES;
				CLANG_WARN_BOOL_CONVERSION = YES;
				CLANG_WARN_COMMA = YES;
				CLANG_WARN_CONSTANT_CONVERSION = YES;
				CLANG_WARN_DEPRECATED_OBJC_IMPLEMENTATIONS = YES;
				CLANG_WARN_DIRECT_OBJC_ISA_USAGE = YES_ERROR;
				CLANG_WARN_DOCUMENTATION_COMMENTS = YES;
				CLANG_WARN_EMPTY_BODY = YES;
				CLANG_WARN_ENUM_CONVERSION = YES;
				CLANG_WARN_INFINITE_RECURSION = YES;
				CLANG_WARN_INT_CONVERSION = YES;
				CLANG_WARN_NON_LITERAL_NULL_CONVERSION = YES;
				CLANG_WARN_OBJC_IMPLICIT_RETAIN_SELF = YES;
				CLANG_WARN_OBJC_LITERAL_CONVERSION = YES;
				CLANG_WARN_OBJC_ROOT_CLASS = YES_ERROR;
				CLANG_WARN_QUOTED_INCLUDE_IN_FRAMEWORK_HEADER = YES;
				CLANG_WARN_RANGE_LOOP_ANALYSIS = YES;
				CLANG_WARN_STRICT_PROTOTYPES = YES;
				CLANG_WARN_SUSPICIOUS_MOVE = YES;
				CLANG_WARN_UNGUARDED_AVAILABILITY = YES_AGGRESSIVE;
				CLANG_WARN_UNREACHABLE_CODE = YES;
				CLANG_WARN__DUPLICATE_METHOD_MATCH = YES;
				COPY_PHASE_STRIP = NO;
				DEBUG_INFORMATION_FORMAT = dwarf;
				ENABLE_STRICT_OBJC_MSGSEND = YES;
				ENABLE_TESTABILITY = YES;
				GCC_C_LANGUAGE_STANDARD = gnu11;
				GCC_DYNAMIC_NO_PIC = NO;
				GCC_NO_COMMON_BLOCKS = YES;
				GCC_OPTIMIZATION_LEVEL = 0;
				GCC_PREPROCESSOR_DEFINITIONS = (
					"DEBUG=1",
					"$(inherited)",
				);
				GCC_WARN_64_TO_32_BIT_CONVERSION = YES;
				GCC_WARN_ABOUT_RETURN_TYPE = YES_ERROR;
				GCC_WARN_UNDECLARED_SELECTOR = YES;
				GCC_WARN_UNINITIALIZED_AUTOS = YES_AGGRESSIVE;
				GCC_WARN_UNUSED_FUNCTION = YES;
				GCC_WARN_UNUSED_VARIABLE = YES;
				IPHONEOS_DEPLOYMENT_TARGET = 16.2;
				MTL_ENABLE_DEBUG_INFO = INCLUDE_SOURCE;
				MTL_FAST_MATH = YES;
				ONLY_ACTIVE_ARCH = YES;
				SDKROOT = iphoneos;
				SWIFT_ACTIVE_COMPILATION_CONDITIONS = DEBUG;
				SWIFT_OPTIMIZATION_LEVEL = "-Onone";
			};
			name = Debug;
		};
		BBA9508C2986541500CFA1DC /* Release */ = {
			isa = XCBuildConfiguration;
			buildSettings = {
				ALWAYS_SEARCH_USER_PATHS = NO;
				CLANG_ANALYZER_NONNULL = YES;
				CLANG_ANALYZER_NUMBER_OBJECT_CONVERSION = YES_AGGRESSIVE;
				CLANG_CXX_LANGUAGE_STANDARD = "gnu++20";
				CLANG_ENABLE_MODULES = YES;
				CLANG_ENABLE_OBJC_ARC = YES;
				CLANG_ENABLE_OBJC_WEAK = YES;
				CLANG_WARN_BLOCK_CAPTURE_AUTORELEASING = YES;
				CLANG_WARN_BOOL_CONVERSION = YES;
				CLANG_WARN_COMMA = YES;
				CLANG_WARN_CONSTANT_CONVERSION = YES;
				CLANG_WARN_DEPRECATED_OBJC_IMPLEMENTATIONS = YES;
				CLANG_WARN_DIRECT_OBJC_ISA_USAGE = YES_ERROR;
				CLANG_WARN_DOCUMENTATION_COMMENTS = YES;
				CLANG_WARN_EMPTY_BODY = YES;
				CLANG_WARN_ENUM_CONVERSION = YES;
				CLANG_WARN_INFINITE_RECURSION = YES;
				CLANG_WARN_INT_CONVERSION = YES;
				CLANG_WARN_NON_LITERAL_NULL_CONVERSION = YES;
				CLANG_WARN_OBJC_IMPLICIT_RETAIN_SELF = YES;
				CLANG_WARN_OBJC_LITERAL_CONVERSION = YES;
				CLANG_WARN_OBJC_ROOT_CLASS = YES_ERROR;
				CLANG_WARN_QUOTED_INCLUDE_IN_FRAMEWORK_HEADER = YES;
				CLANG_WARN_RANGE_LOOP_ANALYSIS = YES;
				CLANG_WARN_STRICT_PROTOTYPES = YES;
				CLANG_WARN_SUSPICIOUS_MOVE = YES;
				CLANG_WARN_UNGUARDED_AVAILABILITY = YES_AGGRESSIVE;
				CLANG_WARN_UNREACHABLE_CODE = YES;
				CLANG_WARN__DUPLICATE_METHOD_MATCH = YES;
				COPY_PHASE_STRIP = NO;
				DEBUG_INFORMATION_FORMAT = "dwarf-with-dsym";
				ENABLE_NS_ASSERTIONS = NO;
				ENABLE_STRICT_OBJC_MSGSEND = YES;
				GCC_C_LANGUAGE_STANDARD = gnu11;
				GCC_NO_COMMON_BLOCKS = YES;
				GCC_WARN_64_TO_32_BIT_CONVERSION = YES;
				GCC_WARN_ABOUT_RETURN_TYPE = YES_ERROR;
				GCC_WARN_UNDECLARED_SELECTOR = YES;
				GCC_WARN_UNINITIALIZED_AUTOS = YES_AGGRESSIVE;
				GCC_WARN_UNUSED_FUNCTION = YES;
				GCC_WARN_UNUSED_VARIABLE = YES;
				IPHONEOS_DEPLOYMENT_TARGET = 16.2;
				MTL_ENABLE_DEBUG_INFO = NO;
				MTL_FAST_MATH = YES;
				SDKROOT = iphoneos;
				SWIFT_COMPILATION_MODE = wholemodule;
				SWIFT_OPTIMIZATION_LEVEL = "-O";
				VALIDATE_PRODUCT = YES;
			};
			name = Release;
		};
		BBA9508E2986541500CFA1DC /* Debug */ = {
			isa = XCBuildConfiguration;
			buildSettings = {
				ASSETCATALOG_COMPILER_APPICON_NAME = AppIcon;
				ASSETCATALOG_COMPILER_GLOBAL_ACCENT_COLOR_NAME = AccentColor;
				CODE_SIGN_STYLE = Automatic;
				CURRENT_PROJECT_VERSION = 1;
				DEVELOPMENT_TEAM = 4U2RYS5F33;
				GENERATE_INFOPLIST_FILE = YES;
				INFOPLIST_FILE = VIPLearning/Info.plist;
				INFOPLIST_KEY_UIApplicationSupportsIndirectInputEvents = YES;
				INFOPLIST_KEY_UILaunchStoryboardName = LaunchScreen;
				INFOPLIST_KEY_UIMainStoryboardFile = Main;
				INFOPLIST_KEY_UISupportedInterfaceOrientations_iPad = "UIInterfaceOrientationPortrait UIInterfaceOrientationPortraitUpsideDown UIInterfaceOrientationLandscapeLeft UIInterfaceOrientationLandscapeRight";
				INFOPLIST_KEY_UISupportedInterfaceOrientations_iPhone = "UIInterfaceOrientationPortrait UIInterfaceOrientationLandscapeLeft UIInterfaceOrientationLandscapeRight";
				LD_RUNPATH_SEARCH_PATHS = (
					"$(inherited)",
					"@executable_path/Frameworks",
				);
				MARKETING_VERSION = 1.0;
				PRODUCT_BUNDLE_IDENTIFIER = com.viplearn.VIPLearning;
				PRODUCT_NAME = "$(TARGET_NAME)";
				SWIFT_EMIT_LOC_STRINGS = YES;
				SWIFT_VERSION = 5.0;
				TARGETED_DEVICE_FAMILY = "1,2";
			};
			name = Debug;
		};
		BBA9508F2986541500CFA1DC /* Release */ = {
			isa = XCBuildConfiguration;
			buildSettings = {
				ASSETCATALOG_COMPILER_APPICON_NAME = AppIcon;
				ASSETCATALOG_COMPILER_GLOBAL_ACCENT_COLOR_NAME = AccentColor;
				CODE_SIGN_STYLE = Automatic;
				CURRENT_PROJECT_VERSION = 1;
				DEVELOPMENT_TEAM = 4U2RYS5F33;
				GENERATE_INFOPLIST_FILE = YES;
				INFOPLIST_FILE = VIPLearning/Info.plist;
				INFOPLIST_KEY_UIApplicationSupportsIndirectInputEvents = YES;
				INFOPLIST_KEY_UILaunchStoryboardName = LaunchScreen;
				INFOPLIST_KEY_UIMainStoryboardFile = Main;
				INFOPLIST_KEY_UISupportedInterfaceOrientations_iPad = "UIInterfaceOrientationPortrait UIInterfaceOrientationPortraitUpsideDown UIInterfaceOrientationLandscapeLeft UIInterfaceOrientationLandscapeRight";
				INFOPLIST_KEY_UISupportedInterfaceOrientations_iPhone = "UIInterfaceOrientationPortrait UIInterfaceOrientationLandscapeLeft UIInterfaceOrientationLandscapeRight";
				LD_RUNPATH_SEARCH_PATHS = (
					"$(inherited)",
					"@executable_path/Frameworks",
				);
				MARKETING_VERSION = 1.0;
				PRODUCT_BUNDLE_IDENTIFIER = com.viplearn.VIPLearning;
				PRODUCT_NAME = "$(TARGET_NAME)";
				SWIFT_EMIT_LOC_STRINGS = YES;
				SWIFT_VERSION = 5.0;
				TARGETED_DEVICE_FAMILY = "1,2";
			};
			name = Release;
		};
/* End XCBuildConfiguration section */

/* Begin XCConfigurationList section */
		BBA950742986541400CFA1DC /* Build configuration list for PBXProject "VIPLearning" */ = {
			isa = XCConfigurationList;
			buildConfigurations = (
				BBA9508B2986541500CFA1DC /* Debug */,
				BBA9508C2986541500CFA1DC /* Release */,
			);
			defaultConfigurationIsVisible = 0;
			defaultConfigurationName = Release;
		};
		BBA9508D2986541500CFA1DC /* Build configuration list for PBXNativeTarget "VIPLearning" */ = {
			isa = XCConfigurationList;
			buildConfigurations = (
				BBA9508E2986541500CFA1DC /* Debug */,
				BBA9508F2986541500CFA1DC /* Release */,
			);
			defaultConfigurationIsVisible = 0;
			defaultConfigurationName = Release;
		};
/* End XCConfigurationList section */
	};
	rootObject = BBA950712986541400CFA1DC /* Project object */;
}
